
Microsoft Visual Studio Solution File, Format Version 12.00
# Visual Studio Version 16
VisualStudioVersion = 16.0.31205.134
MinimumVisualStudioVersion = 10.0.40219.1
Project("{FAE04EC0-301F-11D3-BF4B-00C04F79EFBC}") = "miapp-r2", "miapp-r2.csproj", "{1861A600-84A3-4A60-9B7F-554E6C551A25}"
EndProject
Global
	GlobalSection(SolutionConfigurationPlatforms) = preSolution
		Debug|Any CPU = Debug|Any CPU
		Release|Any CPU = Release|Any CPU
	EndGlobalSection
	GlobalSection(ProjectConfigurationPlatforms) = postSolution
		{1861A600-84A3-4A60-9B7F-554E6C551A25}.Debug|Any CPU.ActiveCfg = Debug|Any CPU
		{1861A600-84A3-4A60-9B7F-554E6C551A25}.Debug|Any CPU.Build.0 = Debug|Any CPU
		{1861A600-84A3-4A60-9B7F-554E6C551A25}.Release|Any CPU.ActiveCfg = Release|Any CPU
		{1861A600-84A3-4A60-9B7F-554E6C551A25}.Release|Any CPU.Build.0 = Release|Any CPU
	EndGlobalSection
	GlobalSection(SolutionProperties) = preSolution
		HideSolutionNode = FALSE
	EndGlobalSection
	GlobalSection(ExtensibilityGlobals) = postSolution
		SolutionGuid = {32513179-2FE0-4B45-8544-DAB7B9C341CE}
	EndGlobalSection
EndGlobal
